# This file is automatically @generated by Cargo.
# It is not intended for manual editing.
version = 4

[[package]]
name = "jury"
version = "0.1.0"
dependencies = [
 "jury-core",
]

[[package]]
name = "jury-core"
version = "0.1.0"

[[package]]
name = "jury-protocol"
version = "0.1.0"

[[package]]
name = "jury-tui"
version = "0.1.0"
dependencies = [
 "jury-core",
]

[[package]]
name = "jury-witness"
version = "0.1.0"
dependencies = [
 "jury-core",
 "jury-protocol",
]
